
Microsoft Visual Studio Solution File, Format Version 12.00
# Visual Studio Version 17
VisualStudioVersion = 17.5.33502.453
MinimumVisualStudioVersion = 10.0.40219.1
Project("{9A19103F-16F7-4668-BE54-9A1E7A4F7556}") = "Ark.MlNet.Classify.Web", "Ark.MlNet.Classify.Web\Ark.MlNet.Classify.Web.csproj", "{BAE134B4-EB16-4C47-9CD8-F45C1B90AF8C}"
EndProject
Project("{2150E333-8FDC-42A3-9474-1A3956D46DE8}") = "Solution Items", "Solution Items", "{F8C7E7E8-6863-4E56-AA99-EB182B9D16E1}"
	ProjectSection(SolutionItems) = preProject
		.gitignore = .gitignore
		sample_data.txt = sample_data.txt
	EndProjectSection
EndProject
Global
	GlobalSection(SolutionConfigurationPlatforms) = preSolution
		Debug|Any CPU = Debug|Any CPU
		Release|Any CPU = Release|Any CPU
	EndGlobalSection
	GlobalSection(ProjectConfigurationPlatforms) = postSolution
		{BAE134B4-EB16-4C47-9CD8-F45C1B90AF8C}.Debug|Any CPU.ActiveCfg = Debug|Any CPU
		{BAE134B4-EB16-4C47-9CD8-F45C1B90AF8C}.Debug|Any CPU.Build.0 = Debug|Any CPU
		{BAE134B4-EB16-4C47-9CD8-F45C1B90AF8C}.Release|Any CPU.ActiveCfg = Release|Any CPU
		{BAE134B4-EB16-4C47-9CD8-F45C1B90AF8C}.Release|Any CPU.Build.0 = Release|Any CPU
	EndGlobalSection
	GlobalSection(SolutionProperties) = preSolution
		HideSolutionNode = FALSE
	EndGlobalSection
	GlobalSection(ExtensibilityGlobals) = postSolution
		SolutionGuid = {4589A147-A594-4634-A3B2-53DA3EB557DD}
	EndGlobalSection
EndGlobal
