
Microsoft Visual Studio Solution File, Format Version 12.00
# Visual Studio Version 17
VisualStudioVersion = 17.5.33502.453
MinimumVisualStudioVersion = 10.0.40219.1
Project("{FAE04EC0-301F-11D3-BF4B-00C04F79EFBC}") = "Ark.MlNet.Classify.Web", "Ark.MlNet.Classify.Web\Ark.MlNet.Classify.Web.csproj", "{BAE134B4-EB16-4C47-9CD8-F45C1B90AF8C}"
EndProject
Global
	GlobalSection(SolutionConfigurationPlatforms) = preSolution
		Debug|Any CPU = Debug|Any CPU
		Release|Any CPU = Release|Any CPU
	EndGlobalSection
	GlobalSection(ProjectConfigurationPlatforms) = postSolution
		{BAE134B4-EB16-4C47-9CD8-F45C1B90AF8C}.Debug|Any CPU.ActiveCfg = Debug|Any CPU
		{BAE134B4-EB16-4C47-9CD8-F45C1B90AF8C}.Debug|Any CPU.Build.0 = Debug|Any CPU
		{BAE134B4-EB16-4C47-9CD8-F45C1B90AF8C}.Release|Any CPU.ActiveCfg = Release|Any CPU
		{BAE134B4-EB16-4C47-9CD8-F45C1B90AF8C}.Release|Any CPU.Build.0 = Release|Any CPU
	EndGlobalSection
	GlobalSection(SolutionProperties) = preSolution
		HideSolutionNode = FALSE
	EndGlobalSection
	GlobalSection(ExtensibilityGlobals) = postSolution
		SolutionGuid = {4589A147-A594-4634-A3B2-53DA3EB557DD}
	EndGlobalSection
EndGlobal
